
Microsoft Visual Studio Solution File, Format Version 12.00
# Visual Studio Version 17
VisualStudioVersion = 17.4.33122.133
MinimumVisualStudioVersion = 10.0.40219.1
Project("{FAE04EC0-301F-11D3-BF4B-00C04F79EFBC}") = "IFStore.Domain", "IFStore.Domain\IFStore.Domain.csproj", "{45B4C91D-2E1E-488A-90C7-8679697EBC6C}"
EndProject
Project("{FAE04EC0-301F-11D3-BF4B-00C04F79EFBC}") = "IFSPStore.test", "IFSPStore.text\IFSPStore.test.csproj", "{263200F6-7709-4416-B4B4-ADACCC09330E}"
EndProject
Global
	GlobalSection(SolutionConfigurationPlatforms) = preSolution
		Debug|Any CPU = Debug|Any CPU
		Release|Any CPU = Release|Any CPU
	EndGlobalSection
	GlobalSection(ProjectConfigurationPlatforms) = postSolution
		{45B4C91D-2E1E-488A-90C7-8679697EBC6C}.Debug|Any CPU.ActiveCfg = Debug|Any CPU
		{45B4C91D-2E1E-488A-90C7-8679697EBC6C}.Debug|Any CPU.Build.0 = Debug|Any CPU
		{45B4C91D-2E1E-488A-90C7-8679697EBC6C}.Release|Any CPU.ActiveCfg = Release|Any CPU
		{45B4C91D-2E1E-488A-90C7-8679697EBC6C}.Release|Any CPU.Build.0 = Release|Any CPU
		{263200F6-7709-4416-B4B4-ADACCC09330E}.Debug|Any CPU.ActiveCfg = Debug|Any CPU
		{263200F6-7709-4416-B4B4-ADACCC09330E}.Debug|Any CPU.Build.0 = Debug|Any CPU
		{263200F6-7709-4416-B4B4-ADACCC09330E}.Release|Any CPU.ActiveCfg = Release|Any CPU
		{263200F6-7709-4416-B4B4-ADACCC09330E}.Release|Any CPU.Build.0 = Release|Any CPU
	EndGlobalSection
	GlobalSection(SolutionProperties) = preSolution
		HideSolutionNode = FALSE
	EndGlobalSection
	GlobalSection(ExtensibilityGlobals) = postSolution
		SolutionGuid = {A8870FB9-9E03-4D7E-A07F-92984157A0E4}
	EndGlobalSection
EndGlobal
